// !$*UTF8*$!
{
	archiveVersion = 1;
	classes = {
	};
	objectVersion = 46;
	objects = {

/* Begin PBXBuildFile section */
		A70A8DAB1CF3A2C200F342F7 /* AppDelegate.swift in Sources */ = {isa = PBXBuildFile; fileRef = A70A8DAA1CF3A2C200F342F7 /* AppDelegate.swift */; };
		A70A8DAD1CF3A2C200F342F7 /* ViewController.swift in Sources */ = {isa = PBXBuildFile; fileRef = A70A8DAC1CF3A2C200F342F7 /* ViewController.swift */; };
		A70A8DB01CF3A2C200F342F7 /* Main.storyboard in Resources */ = {isa = PBXBuildFile; fileRef = A70A8DAE1CF3A2C200F342F7 /* Main.storyboard */; };
		A70A8DB21CF3A2C200F342F7 /* Assets.xcassets in Resources */ = {isa = PBXBuildFile; fileRef = A70A8DB11CF3A2C200F342F7 /* Assets.xcassets */; };
		A70A8DB51CF3A2C200F342F7 /* LaunchScreen.storyboard in Resources */ = {isa = PBXBuildFile; fileRef = A70A8DB31CF3A2C200F342F7 /* LaunchScreen.storyboard */; };
		A70A8DC01CF3A2C200F342F7 /* SpotifyVideoBackgroundTests.swift in Sources */ = {isa = PBXBuildFile; fileRef = A70A8DBF1CF3A2C200F342F7 /* SpotifyVideoBackgroundTests.swift */; };
		A70A8DCB1CF3A2C200F342F7 /* SpotifyVideoBackgroundUITests.swift in Sources */ = {isa = PBXBuildFile; fileRef = A70A8DCA1CF3A2C200F342F7 /* SpotifyVideoBackgroundUITests.swift */; };
		A70A8DE51CF3B06E00F342F7 /* C4.framework in Frameworks */ = {isa = PBXBuildFile; fileRef = A70A8DE01CF3B06500F342F7 /* C4.framework */; };
		A70A8DE61CF3B06E00F342F7 /* C4.framework in Embed Frameworks */ = {isa = PBXBuildFile; fileRef = A70A8DE01CF3B06500F342F7 /* C4.framework */; settings = {ATTRIBUTES = (CodeSignOnCopy, RemoveHeadersOnCopy, ); }; };
		A70A8DEC1CF3B36100F342F7 /* step.mov in Resources */ = {isa = PBXBuildFile; fileRef = A70A8DEB1CF3B36100F342F7 /* step.mov */; };
/* End PBXBuildFile section */

/* Begin PBXContainerItemProxy section */
		A70A8DBC1CF3A2C200F342F7 /* PBXContainerItemProxy */ = {
			isa = PBXContainerItemProxy;
			containerPortal = A70A8D9F1CF3A2C200F342F7 /* Project object */;
			proxyType = 1;
			remoteGlobalIDString = A70A8DA61CF3A2C200F342F7;
			remoteInfo = SpotifyVideoBackground;
		};
		A70A8DC71CF3A2C200F342F7 /* PBXContainerItemProxy */ = {
			isa = PBXContainerItemProxy;
			containerPortal = A70A8D9F1CF3A2C200F342F7 /* Project object */;
			proxyType = 1;
			remoteGlobalIDString = A70A8DA61CF3A2C200F342F7;
			remoteInfo = SpotifyVideoBackground;
		};
		A70A8DDF1CF3B06500F342F7 /* PBXContainerItemProxy */ = {
			isa = PBXContainerItemProxy;
			containerPortal = A70A8DD91CF3B06500F342F7 /* C4iOS.xcodeproj */;
			proxyType = 2;
			remoteGlobalIDString = 614F824319DB5ED3001DF1D4;
			remoteInfo = C4;
		};
		A70A8DE11CF3B06500F342F7 /* PBXContainerItemProxy */ = {
			isa = PBXContainerItemProxy;
			containerPortal = A70A8DD91CF3B06500F342F7 /* C4iOS.xcodeproj */;
			proxyType = 2;
			remoteGlobalIDString = 614F824E19DB5ED4001DF1D4;
			remoteInfo = C4Tests;
		};
		A70A8DE31CF3B06500F342F7 /* PBXContainerItemProxy */ = {
			isa = PBXContainerItemProxy;
			containerPortal = A70A8DD91CF3B06500F342F7 /* C4iOS.xcodeproj */;
			proxyType = 2;
			remoteGlobalIDString = A96F505A1B5385A5002B3A46;
			remoteInfo = C4App;
		};
		A70A8DE71CF3B06E00F342F7 /* PBXContainerItemProxy */ = {
			isa = PBXContainerItemProxy;
			containerPortal = A70A8DD91CF3B06500F342F7 /* C4iOS.xcodeproj */;
			proxyType = 1;
			remoteGlobalIDString = 614F824219DB5ED3001DF1D4;
			remoteInfo = C4;
		};
/* End PBXContainerItemProxy section */

/* Begin PBXCopyFilesBuildPhase section */
		A70A8DE91CF3B06E00F342F7 /* Embed Frameworks */ = {
			isa = PBXCopyFilesBuildPhase;
			buildActionMask = 2147483647;
			dstPath = "";
			dstSubfolderSpec = 10;
			files = (
				A70A8DE61CF3B06E00F342F7 /* C4.framework in Embed Frameworks */,
			);
			name = "Embed Frameworks";
			runOnlyForDeploymentPostprocessing = 0;
		};
/* End PBXCopyFilesBuildPhase section */

/* Begin PBXFileReference section */
		A70A8DA71CF3A2C200F342F7 /* SpotifyVideoBackground.app */ = {isa = PBXFileReference; explicitFileType = wrapper.application; includeInIndex = 0; path = SpotifyVideoBackground.app; sourceTree = BUILT_PRODUCTS_DIR; };
		A70A8DAA1CF3A2C200F342F7 /* AppDelegate.swift */ = {isa = PBXFileReference; lastKnownFileType = sourcecode.swift; path = AppDelegate.swift; sourceTree = "<group>"; };
		A70A8DAC1CF3A2C200F342F7 /* ViewController.swift */ = {isa = PBXFileReference; lastKnownFileType = sourcecode.swift; path = ViewController.swift; sourceTree = "<group>"; };
		A70A8DAF1CF3A2C200F342F7 /* Base */ = {isa = PBXFileReference; lastKnownFileType = file.storyboard; name = Base; path = Base.lproj/Main.storyboard; sourceTree = "<group>"; };
		A70A8DB11CF3A2C200F342F7 /* Assets.xcassets */ = {isa = PBXFileReference; lastKnownFileType = folder.assetcatalog; path = Assets.xcassets; sourceTree = "<group>"; };
		A70A8DB41CF3A2C200F342F7 /* Base */ = {isa = PBXFileReference; lastKnownFileType = file.storyboard; name = Base; path = Base.lproj/LaunchScreen.storyboard; sourceTree = "<group>"; };
		A70A8DB61CF3A2C200F342F7 /* Info.plist */ = {isa = PBXFileReference; lastKnownFileType = text.plist.xml; path = Info.plist; sourceTree = "<group>"; };
		A70A8DBB1CF3A2C200F342F7 /* SpotifyVideoBackgroundTests.xctest */ = {isa = PBXFileReference; explicitFileType = wrapper.cfbundle; includeInIndex = 0; path = SpotifyVideoBackgroundTests.xctest; sourceTree = BUILT_PRODUCTS_DIR; };
		A70A8DBF1CF3A2C200F342F7 /* SpotifyVideoBackgroundTests.swift */ = {isa = PBXFileReference; lastKnownFileType = sourcecode.swift; path = SpotifyVideoBackgroundTests.swift; sourceTree = "<group>"; };
		A70A8DC11CF3A2C200F342F7 /* Info.plist */ = {isa = PBXFileReference; lastKnownFileType = text.plist.xml; path = Info.plist; sourceTree = "<group>"; };
		A70A8DC61CF3A2C200F342F7 /* SpotifyVideoBackgroundUITests.xctest */ = {isa = PBXFileReference; explicitFileType = wrapper.cfbundle; includeInIndex = 0; path = SpotifyVideoBackgroundUITests.xctest; sourceTree = BUILT_PRODUCTS_DIR; };
		A70A8DCA1CF3A2C200F342F7 /* SpotifyVideoBackgroundUITests.swift */ = {isa = PBXFileReference; lastKnownFileType = sourcecode.swift; path = SpotifyVideoBackgroundUITests.swift; sourceTree = "<group>"; };
		A70A8DCC1CF3A2C200F342F7 /* Info.plist */ = {isa = PBXFileReference; lastKnownFileType = text.plist.xml; path = Info.plist; sourceTree = "<group>"; };
		A70A8DD91CF3B06500F342F7 /* C4iOS.xcodeproj */ = {isa = PBXFileReference; lastKnownFileType = "wrapper.pb-project"; name = C4iOS.xcodeproj; path = ../../C4iOS/C4iOS.xcodeproj; sourceTree = "<group>"; };
		A70A8DEB1CF3B36100F342F7 /* step.mov */ = {isa = PBXFileReference; lastKnownFileType = video.quicktime; path = step.mov; sourceTree = "<group>"; };
/* End PBXFileReference section */

/* Begin PBXFrameworksBuildPhase section */
		A70A8DA41CF3A2C200F342F7 /* Frameworks */ = {
			isa = PBXFrameworksBuildPhase;
			buildActionMask = 2147483647;
			files = (
				A70A8DE51CF3B06E00F342F7 /* C4.framework in Frameworks */,
			);
			runOnlyForDeploymentPostprocessing = 0;
		};
		A70A8DB81CF3A2C200F342F7 /* Frameworks */ = {
			isa = PBXFrameworksBuildPhase;
			buildActionMask = 2147483647;
			files = (
			);
			runOnlyForDeploymentPostprocessing = 0;
		};
		A70A8DC31CF3A2C200F342F7 /* Frameworks */ = {
			isa = PBXFrameworksBuildPhase;
			buildActionMask = 2147483647;
			files = (
			);
			runOnlyForDeploymentPostprocessing = 0;
		};
/* End PBXFrameworksBuildPhase section */

/* Begin PBXGroup section */
		A70A8D9E1CF3A2C200F342F7 = {
			isa = PBXGroup;
			children = (
				A70A8DEB1CF3B36100F342F7 /* step.mov */,
				A70A8DD91CF3B06500F342F7 /* C4iOS.xcodeproj */,
				A70A8DA91CF3A2C200F342F7 /* SpotifyVideoBackground */,
				A70A8DBE1CF3A2C200F342F7 /* SpotifyVideoBackgroundTests */,
				A70A8DC91CF3A2C200F342F7 /* SpotifyVideoBackgroundUITests */,
				A70A8DA81CF3A2C200F342F7 /* Products */,
			);
			sourceTree = "<group>";
		};
		A70A8DA81CF3A2C200F342F7 /* Products */ = {
			isa = PBXGroup;
			children = (
				A70A8DA71CF3A2C200F342F7 /* SpotifyVideoBackground.app */,
				A70A8DBB1CF3A2C200F342F7 /* SpotifyVideoBackgroundTests.xctest */,
				A70A8DC61CF3A2C200F342F7 /* SpotifyVideoBackgroundUITests.xctest */,
			);
			name = Products;
			sourceTree = "<group>";
		};
		A70A8DA91CF3A2C200F342F7 /* SpotifyVideoBackground */ = {
			isa = PBXGroup;
			children = (
				A70A8DAA1CF3A2C200F342F7 /* AppDelegate.swift */,
				A70A8DAC1CF3A2C200F342F7 /* ViewController.swift */,
				A70A8DAE1CF3A2C200F342F7 /* Main.storyboard */,
				A70A8DB11CF3A2C200F342F7 /* Assets.xcassets */,
				A70A8DB31CF3A2C200F342F7 /* LaunchScreen.storyboard */,
				A70A8DB61CF3A2C200F342F7 /* Info.plist */,
			);
			path = SpotifyVideoBackground;
			sourceTree = "<group>";
		};
		A70A8DBE1CF3A2C200F342F7 /* SpotifyVideoBackgroundTests */ = {
			isa = PBXGroup;
			children = (
				A70A8DBF1CF3A2C200F342F7 /* SpotifyVideoBackgroundTests.swift */,
				A70A8DC11CF3A2C200F342F7 /* Info.plist */,
			);
			path = SpotifyVideoBackgroundTests;
			sourceTree = "<group>";
		};
		A70A8DC91CF3A2C200F342F7 /* SpotifyVideoBackgroundUITests */ = {
			isa = PBXGroup;
			children = (
				A70A8DCA1CF3A2C200F342F7 /* SpotifyVideoBackgroundUITests.swift */,
				A70A8DCC1CF3A2C200F342F7 /* Info.plist */,
			);
			path = SpotifyVideoBackgroundUITests;
			sourceTree = "<group>";
		};
		A70A8DDA1CF3B06500F342F7 /* Products */ = {
			isa = PBXGroup;
			children = (
				A70A8DE01CF3B06500F342F7 /* C4.framework */,
				A70A8DE21CF3B06500F342F7 /* C4Tests.xctest */,
				A70A8DE41CF3B06500F342F7 /* C4App.app */,
			);
			name = Products;
			sourceTree = "<group>";
		};
/* End PBXGroup section */

/* Begin PBXNativeTarget section */
		A70A8DA61CF3A2C200F342F7 /* SpotifyVideoBackground */ = {
			isa = PBXNativeTarget;
			buildConfigurationList = A70A8DCF1CF3A2C200F342F7 /* Build configuration list for PBXNativeTarget "SpotifyVideoBackground" */;
			buildPhases = (
				A70A8DA31CF3A2C200F342F7 /* Sources */,
				A70A8DA41CF3A2C200F342F7 /* Frameworks */,
				A70A8DA51CF3A2C200F342F7 /* Resources */,
				A70A8DE91CF3B06E00F342F7 /* Embed Frameworks */,
			);
			buildRules = (
			);
			dependencies = (
				A70A8DE81CF3B06E00F342F7 /* PBXTargetDependency */,
			);
			name = SpotifyVideoBackground;
			productName = SpotifyVideoBackground;
			productReference = A70A8DA71CF3A2C200F342F7 /* SpotifyVideoBackground.app */;
			productType = "com.apple.product-type.application";
		};
		A70A8DBA1CF3A2C200F342F7 /* SpotifyVideoBackgroundTests */ = {
			isa = PBXNativeTarget;
			buildConfigurationList = A70A8DD21CF3A2C200F342F7 /* Build configuration list for PBXNativeTarget "SpotifyVideoBackgroundTests" */;
			buildPhases = (
				A70A8DB71CF3A2C200F342F7 /* Sources */,
				A70A8DB81CF3A2C200F342F7 /* Frameworks */,
				A70A8DB91CF3A2C200F342F7 /* Resources */,
			);
			buildRules = (
			);
			dependencies = (
				A70A8DBD1CF3A2C200F342F7 /* PBXTargetDependency */,
			);
			name = SpotifyVideoBackgroundTests;
			productName = SpotifyVideoBackgroundTests;
			productReference = A70A8DBB1CF3A2C200F342F7 /* SpotifyVideoBackgroundTests.xctest */;
			productType = "com.apple.product-type.bundle.unit-test";
		};
		A70A8DC51CF3A2C200F342F7 /* SpotifyVideoBackgroundUITests */ = {
			isa = PBXNativeTarget;
			buildConfigurationList = A70A8DD51CF3A2C200F342F7 /* Build configuration list for PBXNativeTarget "SpotifyVideoBackgroundUITests" */;
			buildPhases = (
				A70A8DC21CF3A2C200F342F7 /* Sources */,
				A70A8DC31CF3A2C200F342F7 /* Frameworks */,
				A70A8DC41CF3A2C200F342F7 /* Resources */,
			);
			buildRules = (
			);
			dependencies = (
				A70A8DC81CF3A2C200F342F7 /* PBXTargetDependency */,
			);
			name = SpotifyVideoBackgroundUITests;
			productName = SpotifyVideoBackgroundUITests;
			productReference = A70A8DC61CF3A2C200F342F7 /* SpotifyVideoBackgroundUITests.xctest */;
			productType = "com.apple.product-type.bundle.ui-testing";
		};
/* End PBXNativeTarget section */

/* Begin PBXProject section */
		A70A8D9F1CF3A2C200F342F7 /* Project object */ = {
			isa = PBXProject;
			attributes = {
				LastSwiftUpdateCheck = 0730;
				LastUpgradeCheck = 0730;
				ORGANIZATIONNAME = "Oliver Andrews";
				TargetAttributes = {
					A70A8DA61CF3A2C200F342F7 = {
						CreatedOnToolsVersion = 7.3;
					};
					A70A8DBA1CF3A2C200F342F7 = {
						CreatedOnToolsVersion = 7.3;
						TestTargetID = A70A8DA61CF3A2C200F342F7;
					};
					A70A8DC51CF3A2C200F342F7 = {
						CreatedOnToolsVersion = 7.3;
						TestTargetID = A70A8DA61CF3A2C200F342F7;
					};
				};
			};
			buildConfigurationList = A70A8DA21CF3A2C200F342F7 /* Build configuration list for PBXProject "SpotifyVideoBackground" */;
			compatibilityVersion = "Xcode 3.2";
			developmentRegion = English;
			hasScannedForEncodings = 0;
			knownRegions = (
				en,
				Base,
			);
			mainGroup = A70A8D9E1CF3A2C200F342F7;
			productRefGroup = A70A8DA81CF3A2C200F342F7 /* Products */;
			projectDirPath = "";
			projectReferences = (
				{
					ProductGroup = A70A8DDA1CF3B06500F342F7 /* Products */;
					ProjectRef = A70A8DD91CF3B06500F342F7 /* C4iOS.xcodeproj */;
				},
			);
			projectRoot = "";
			targets = (
				A70A8DA61CF3A2C200F342F7 /* SpotifyVideoBackground */,
				A70A8DBA1CF3A2C200F342F7 /* SpotifyVideoBackgroundTests */,
				A70A8DC51CF3A2C200F342F7 /* SpotifyVideoBackgroundUITests */,
			);
		};
/* End PBXProject section */

/* Begin PBXReferenceProxy section */
		A70A8DE01CF3B06500F342F7 /* C4.framework */ = {
			isa = PBXReferenceProxy;
			fileType = wrapper.framework;
			path = C4.framework;
			remoteRef = A70A8DDF1CF3B06500F342F7 /* PBXContainerItemProxy */;
			sourceTree = BUILT_PRODUCTS_DIR;
		};
		A70A8DE21CF3B06500F342F7 /* C4Tests.xctest */ = {
			isa = PBXReferenceProxy;
			fileType = wrapper.cfbundle;
			path = C4Tests.xctest;
			remoteRef = A70A8DE11CF3B06500F342F7 /* PBXContainerItemProxy */;
			sourceTree = BUILT_PRODUCTS_DIR;
		};
		A70A8DE41CF3B06500F342F7 /* C4App.app */ = {
			isa = PBXReferenceProxy;
			fileType = wrapper.application;
			path = C4App.app;
			remoteRef = A70A8DE31CF3B06500F342F7 /* PBXContainerItemProxy */;
			sourceTree = BUILT_PRODUCTS_DIR;
		};
/* End PBXReferenceProxy section */

/* Begin PBXResourcesBuildPhase section */
		A70A8DA51CF3A2C200F342F7 /* Resources */ = {
			isa = PBXResourcesBuildPhase;
			buildActionMask = 2147483647;
			files = (
				A70A8DEC1CF3B36100F342F7 /* step.mov in Resources */,
				A70A8DB51CF3A2C200F342F7 /* LaunchScreen.storyboard in Resources */,
				A70A8DB21CF3A2C200F342F7 /* Assets.xcassets in Resources */,
				A70A8DB01CF3A2C200F342F7 /* Main.storyboard in Resources */,
			);
			runOnlyForDeploymentPostprocessing = 0;
		};
		A70A8DB91CF3A2C200F342F7 /* Resources */ = {
			isa = PBXResourcesBuildPhase;
			buildActionMask = 2147483647;
			files = (
			);
			runOnlyForDeploymentPostprocessing = 0;
		};
		A70A8DC41CF3A2C200F342F7 /* Resources */ = {
			isa = PBXResourcesBuildPhase;
			buildActionMask = 2147483647;
			files = (
			);
			runOnlyForDeploymentPostprocessing = 0;
		};
/* End PBXResourcesBuildPhase section */

/* Begin PBXSourcesBuildPhase section */
		A70A8DA31CF3A2C200F342F7 /* Sources */ = {
			isa = PBXSourcesBuildPhase;
			buildActionMask = 2147483647;
			files = (
				A70A8DAD1CF3A2C200F342F7 /* ViewController.swift in Sources */,
				A70A8DAB1CF3A2C200F342F7 /* AppDelegate.swift in Sources */,
			);
			runOnlyForDeploymentPostprocessing = 0;
		};
		A70A8DB71CF3A2C200F342F7 /* Sources */ = {
			isa = PBXSourcesBuildPhase;
			buildActionMask = 2147483647;
			files = (
				A70A8DC01CF3A2C200F342F7 /* SpotifyVideoBackgroundTests.swift in Sources */,
			);
			runOnlyForDeploymentPostprocessing = 0;
		};
		A70A8DC21CF3A2C200F342F7 /* Sources */ = {
			isa = PBXSourcesBuildPhase;
			buildActionMask = 2147483647;
			files = (
				A70A8DCB1CF3A2C200F342F7 /* SpotifyVideoBackgroundUITests.swift in Sources */,
			);
			runOnlyForDeploymentPostprocessing = 0;
		};
/* End PBXSourcesBuildPhase section */

/* Begin PBXTargetDependency section */
		A70A8DBD1CF3A2C200F342F7 /* PBXTargetDependency */ = {
			isa = PBXTargetDependency;
			target = A70A8DA61CF3A2C200F342F7 /* SpotifyVideoBackground */;
			targetProxy = A70A8DBC1CF3A2C200F342F7 /* PBXContainerItemProxy */;
		};
		A70A8DC81CF3A2C200F342F7 /* PBXTargetDependency */ = {
			isa = PBXTargetDependency;
			target = A70A8DA61CF3A2C200F342F7 /* SpotifyVideoBackground */;
			targetProxy = A70A8DC71CF3A2C200F342F7 /* PBXContainerItemProxy */;
		};
		A70A8DE81CF3B06E00F342F7 /* PBXTargetDependency */ = {
			isa = PBXTargetDependency;
			name = C4;
			targetProxy = A70A8DE71CF3B06E00F342F7 /* PBXContainerItemProxy */;
		};
/* End PBXTargetDependency section */

/* Begin PBXVariantGroup section */
		A70A8DAE1CF3A2C200F342F7 /* Main.storyboard */ = {
			isa = PBXVariantGroup;
			children = (
				A70A8DAF1CF3A2C200F342F7 /* Base */,
			);
			name = Main.storyboard;
			sourceTree = "<group>";
		};
		A70A8DB31CF3A2C200F342F7 /* LaunchScreen.storyboard */ = {
			isa = PBXVariantGroup;
			children = (
				A70A8DB41CF3A2C200F342F7 /* Base */,
			);
			name = LaunchScreen.storyboard;
			sourceTree = "<group>";
		};
/* End PBXVariantGroup section */

/* Begin XCBuildConfiguration section */
		A70A8DCD1CF3A2C200F342F7 /* Debug */ = {
			isa = XCBuildConfiguration;
			buildSettings = {
				ALWAYS_SEARCH_USER_PATHS = NO;
				CLANG_ANALYZER_NONNULL = YES;
				CLANG_CXX_LANGUAGE_STANDARD = "gnu++0x";
				CLANG_CXX_LIBRARY = "libc++";
				CLANG_ENABLE_MODULES = YES;
				CLANG_ENABLE_OBJC_ARC = YES;
				CLANG_WARN_BOOL_CONVERSION = YES;
				CLANG_WARN_CONSTANT_CONVERSION = YES;
				CLANG_WARN_DIRECT_OBJC_ISA_USAGE = YES_ERROR;
				CLANG_WARN_EMPTY_BODY = YES;
				CLANG_WARN_ENUM_CONVERSION = YES;
				CLANG_WARN_INT_CONVERSION = YES;
				CLANG_WARN_OBJC_ROOT_CLASS = YES_ERROR;
				CLANG_WARN_UNREACHABLE_CODE = YES;
				CLANG_WARN__DUPLICATE_METHOD_MATCH = YES;
				"CODE_SIGN_IDENTITY[sdk=iphoneos*]" = "iPhone Developer";
				COPY_PHASE_STRIP = NO;
				DEBUG_INFORMATION_FORMAT = dwarf;
				ENABLE_STRICT_OBJC_MSGSEND = YES;
				ENABLE_TESTABILITY = YES;
				GCC_C_LANGUAGE_STANDARD = gnu99;
				GCC_DYNAMIC_NO_PIC = NO;
				GCC_NO_COMMON_BLOCKS = YES;
				GCC_OPTIMIZATION_LEVEL = 0;
				GCC_PREPROCESSOR_DEFINITIONS = (
					"DEBUG=1",
					"$(inherited)",
				);
				GCC_WARN_64_TO_32_BIT_CONVERSION = YES;
				GCC_WARN_ABOUT_RETURN_TYPE = YES_ERROR;
				GCC_WARN_UNDECLARED_SELECTOR = YES;
				GCC_WARN_UNINITIALIZED_AUTOS = YES_AGGRESSIVE;
				GCC_WARN_UNUSED_FUNCTION = YES;
				GCC_WARN_UNUSED_VARIABLE = YES;
				IPHONEOS_DEPLOYMENT_TARGET = 9.3;
				MTL_ENABLE_DEBUG_INFO = YES;
				ONLY_ACTIVE_ARCH = YES;
				SDKROOT = iphoneos;
				SWIFT_OPTIMIZATION_LEVEL = "-Onone";
				TARGETED_DEVICE_FAMILY = "1,2";
			};
			name = Debug;
		};
		A70A8DCE1CF3A2C200F342F7 /* Release */ = {
			isa = XCBuildConfiguration;
			buildSettings = {
				ALWAYS_SEARCH_USER_PATHS = NO;
				CLANG_ANALYZER_NONNULL = YES;
				CLANG_CXX_LANGUAGE_STANDARD = "gnu++0x";
				CLANG_CXX_LIBRARY = "libc++";
				CLANG_ENABLE_MODULES = YES;
				CLANG_ENABLE_OBJC_ARC = YES;
				CLANG_WARN_BOOL_CONVERSION = YES;
				CLANG_WARN_CONSTANT_CONVERSION = YES;
				CLANG_WARN_DIRECT_OBJC_ISA_USAGE = YES_ERROR;
				CLANG_WARN_EMPTY_BODY = YES;
				CLANG_WARN_ENUM_CONVERSION = YES;
				CLANG_WARN_INT_CONVERSION = YES;
				CLANG_WARN_OBJC_ROOT_CLASS = YES_ERROR;
				CLANG_WARN_UNREACHABLE_CODE = YES;
				CLANG_WARN__DUPLICATE_METHOD_MATCH = YES;
				"CODE_SIGN_IDENTITY[sdk=iphoneos*]" = "iPhone Developer";
				COPY_PHASE_STRIP = NO;
				DEBUG_INFORMATION_FORMAT = "dwarf-with-dsym";
				ENABLE_NS_ASSERTIONS = NO;
				ENABLE_STRICT_OBJC_MSGSEND = YES;
				GCC_C_LANGUAGE_STANDARD = gnu99;
				GCC_NO_COMMON_BLOCKS = YES;
				GCC_WARN_64_TO_32_BIT_CONVERSION = YES;
				GCC_WARN_ABOUT_RETURN_TYPE = YES_ERROR;
				GCC_WARN_UNDECLARED_SELECTOR = YES;
				GCC_WARN_UNINITIALIZED_AUTOS = YES_AGGRESSIVE;
				GCC_WARN_UNUSED_FUNCTION = YES;
				GCC_WARN_UNUSED_VARIABLE = YES;
				IPHONEOS_DEPLOYMENT_TARGET = 9.3;
				MTL_ENABLE_DEBUG_INFO = NO;
				SDKROOT = iphoneos;
				TARGETED_DEVICE_FAMILY = "1,2";
				VALIDATE_PRODUCT = YES;
			};
			name = Release;
		};
		A70A8DD01CF3A2C200F342F7 /* Debug */ = {
			isa = XCBuildConfiguration;
			buildSettings = {
				ASSETCATALOG_COMPILER_APPICON_NAME = AppIcon;
				EMBEDDED_CONTENT_CONTAINS_SWIFT = YES;
				INFOPLIST_FILE = SpotifyVideoBackground/Info.plist;
				LD_RUNPATH_SEARCH_PATHS = "$(inherited) @executable_path/Frameworks";
				PRODUCT_BUNDLE_IDENTIFIER = com.project.oandrews.SpotifyVideoBackground;
				PRODUCT_NAME = "$(TARGET_NAME)";
			};
			name = Debug;
		};
		A70A8DD11CF3A2C200F342F7 /* Release */ = {
			isa = XCBuildConfiguration;
			buildSettings = {
				ASSETCATALOG_COMPILER_APPICON_NAME = AppIcon;
				EMBEDDED_CONTENT_CONTAINS_SWIFT = YES;
				INFOPLIST_FILE = SpotifyVideoBackground/Info.plist;
				LD_RUNPATH_SEARCH_PATHS = "$(inherited) @executable_path/Frameworks";
				PRODUCT_BUNDLE_IDENTIFIER = com.project.oandrews.SpotifyVideoBackground;
				PRODUCT_NAME = "$(TARGET_NAME)";
			};
			name = Release;
		};
		A70A8DD31CF3A2C200F342F7 /* Debug */ = {
			isa = XCBuildConfiguration;
			buildSettings = {
				BUNDLE_LOADER = "$(TEST_HOST)";
				INFOPLIST_FILE = SpotifyVideoBackgroundTests/Info.plist;
				LD_RUNPATH_SEARCH_PATHS = "$(inherited) @executable_path/Frameworks @loader_path/Frameworks";
				PRODUCT_BUNDLE_IDENTIFIER = com.project.oandrews.SpotifyVideoBackgroundTests;
				PRODUCT_NAME = "$(TARGET_NAME)";
				TEST_HOST = "$(BUILT_PRODUCTS_DIR)/SpotifyVideoBackground.app/SpotifyVideoBackground";
			};
			name = Debug;
		};
		A70A8DD41CF3A2C200F342F7 /* Release */ = {
			isa = XCBuildConfiguration;
			buildSettings = {
				BUNDLE_LOADER = "$(TEST_HOST)";
				INFOPLIST_FILE = SpotifyVideoBackgroundTests/Info.plist;
				LD_RUNPATH_SEARCH_PATHS = "$(inherited) @executable_path/Frameworks @loader_path/Frameworks";
				PRODUCT_BUNDLE_IDENTIFIER = com.project.oandrews.SpotifyVideoBackgroundTests;
				PRODUCT_NAME = "$(TARGET_NAME)";
				TEST_HOST = "$(BUILT_PRODUCTS_DIR)/SpotifyVideoBackground.app/SpotifyVideoBackground";
			};
			name = Release;
		};
		A70A8DD61CF3A2C200F342F7 /* Debug */ = {
			isa = XCBuildConfiguration;
			buildSettings = {
				INFOPLIST_FILE = SpotifyVideoBackgroundUITests/Info.plist;
				LD_RUNPATH_SEARCH_PATHS = "$(inherited) @executable_path/Frameworks @loader_path/Frameworks";
				PRODUCT_BUNDLE_IDENTIFIER = com.project.oandrews.SpotifyVideoBackgroundUITests;
				PRODUCT_NAME = "$(TARGET_NAME)";
				TEST_TARGET_NAME = SpotifyVideoBackground;
			};
			name = Debug;
		};
		A70A8DD71CF3A2C200F342F7 /* Release */ = {
			isa = XCBuildConfiguration;
			buildSettings = {
				INFOPLIST_FILE = SpotifyVideoBackgroundUITests/Info.plist;
				LD_RUNPATH_SEARCH_PATHS = "$(inherited) @executable_path/Frameworks @loader_path/Frameworks";
				PRODUCT_BUNDLE_IDENTIFIER = com.project.oandrews.SpotifyVideoBackgroundUITests;
				PRODUCT_NAME = "$(TARGET_NAME)";
				TEST_TARGET_NAME = SpotifyVideoBackground;
			};
			name = Release;
		};
/* End XCBuildConfiguration section */

/* Begin XCConfigurationList section */
		A70A8DA21CF3A2C200F342F7 /* Build configuration list for PBXProject "SpotifyVideoBackground" */ = {
			isa = XCConfigurationList;
			buildConfigurations = (
				A70A8DCD1CF3A2C200F342F7 /* Debug */,
				A70A8DCE1CF3A2C200F342F7 /* Release */,
			);
			defaultConfigurationIsVisible = 0;
			defaultConfigurationName = Release;
		};
		A70A8DCF1CF3A2C200F342F7 /* Build configuration list for PBXNativeTarget "SpotifyVideoBackground" */ = {
			isa = XCConfigurationList;
			buildConfigurations = (
				A70A8DD01CF3A2C200F342F7 /* Debug */,
				A70A8DD11CF3A2C200F342F7 /* Release */,
			);
			defaultConfigurationIsVisible = 0;
		};
		A70A8DD21CF3A2C200F342F7 /* Build configuration list for PBXNativeTarget "SpotifyVideoBackgroundTests" */ = {
			isa = XCConfigurationList;
			buildConfigurations = (
				A70A8DD31CF3A2C200F342F7 /* Debug */,
				A70A8DD41CF3A2C200F342F7 /* Release */,
			);
			defaultConfigurationIsVisible = 0;
		};
		A70A8DD51CF3A2C200F342F7 /* Build configuration list for PBXNativeTarget "SpotifyVideoBackgroundUITests" */ = {
			isa = XCConfigurationList;
			buildConfigurations = (
				A70A8DD61CF3A2C200F342F7 /* Debug */,
				A70A8DD71CF3A2C200F342F7 /* Release */,
			);
			defaultConfigurationIsVisible = 0;
		};
/* End XCConfigurationList section */
	};
	rootObject = A70A8D9F1CF3A2C200F342F7 /* Project object */;
}
