// !$*UTF8*$!
{
	archiveVersion = 1;
	classes = {
	};
	objectVersion = 46;
	objects = {

/* Begin PBXBuildFile section */
		A728E27C1CF7A7AF00CBCC8B /* C4.framework in Frameworks */ = {isa = PBXBuildFile; fileRef = A728E27B1CF7A7AF00CBCC8B /* C4.framework */; };
		A7E39E051CE3E03A00F351CA /* AppDelegate.swift in Sources */ = {isa = PBXBuildFile; fileRef = A7E39E041CE3E03A00F351CA /* AppDelegate.swift */; };
		A7E39E071CE3E03A00F351CA /* ViewController.swift in Sources */ = {isa = PBXBuildFile; fileRef = A7E39E061CE3E03A00F351CA /* ViewController.swift */; };
		A7E39E0A1CE3E03A00F351CA /* Main.storyboard in Resources */ = {isa = PBXBuildFile; fileRef = A7E39E081CE3E03A00F351CA /* Main.storyboard */; };
		A7E39E0C1CE3E03A00F351CA /* Assets.xcassets in Resources */ = {isa = PBXBuildFile; fileRef = A7E39E0B1CE3E03A00F351CA /* Assets.xcassets */; };
		A7E39E0F1CE3E03A00F351CA /* LaunchScreen.storyboard in Resources */ = {isa = PBXBuildFile; fileRef = A7E39E0D1CE3E03A00F351CA /* LaunchScreen.storyboard */; };
		A7E39E1A1CE3E03A00F351CA /* KarateTests.swift in Sources */ = {isa = PBXBuildFile; fileRef = A7E39E191CE3E03A00F351CA /* KarateTests.swift */; };
		A7E39E251CE3E03A00F351CA /* KarateUITests.swift in Sources */ = {isa = PBXBuildFile; fileRef = A7E39E241CE3E03A00F351CA /* KarateUITests.swift */; };
		A7E39E331CE3E11E00F351CA /* MenuTransitionManager.swift in Sources */ = {isa = PBXBuildFile; fileRef = A7E39E321CE3E11E00F351CA /* MenuTransitionManager.swift */; };
		A7E39E621CE3EB7000F351CA /* MenuTableViewController.swift in Sources */ = {isa = PBXBuildFile; fileRef = A7E39E611CE3EB7000F351CA /* MenuTableViewController.swift */; };
		A7E39E641CE3F3F200F351CA /* KarateTableViewCell.swift in Sources */ = {isa = PBXBuildFile; fileRef = A7E39E631CE3F3F200F351CA /* KarateTableViewCell.swift */; };
		A7E39E661CE407E500F351CA /* Fighting scream.mp3 in Resources */ = {isa = PBXBuildFile; fileRef = A7E39E651CE407E500F351CA /* Fighting scream.mp3 */; };
		A7E39E681CE407EC00F351CA /* Breaking_Sound_Barrier-AirMan-1979661165.mp3 in Resources */ = {isa = PBXBuildFile; fileRef = A7E39E671CE407EC00F351CA /* Breaking_Sound_Barrier-AirMan-1979661165.mp3 */; };
		A7E39E6A1CE407F200F351CA /* Lost your balls.mp3 in Resources */ = {isa = PBXBuildFile; fileRef = A7E39E691CE407F200F351CA /* Lost your balls.mp3 */; };
		A7E39E6C1CE407F900F351CA /* She was the bomb.mp3 in Resources */ = {isa = PBXBuildFile; fileRef = A7E39E6B1CE407F900F351CA /* She was the bomb.mp3 */; };
/* End PBXBuildFile section */

/* Begin PBXContainerItemProxy section */
		A7E39E161CE3E03A00F351CA /* PBXContainerItemProxy */ = {
			isa = PBXContainerItemProxy;
			containerPortal = A7E39DF91CE3E03A00F351CA /* Project object */;
			proxyType = 1;
			remoteGlobalIDString = A7E39E001CE3E03A00F351CA;
			remoteInfo = Karate;
		};
		A7E39E211CE3E03A00F351CA /* PBXContainerItemProxy */ = {
			isa = PBXContainerItemProxy;
			containerPortal = A7E39DF91CE3E03A00F351CA /* Project object */;
			proxyType = 1;
			remoteGlobalIDString = A7E39E001CE3E03A00F351CA;
			remoteInfo = Karate;
		};
/* End PBXContainerItemProxy section */

/* Begin PBXCopyFilesBuildPhase section */
		A7E39E501CE3E5DB00F351CA /* Embed Frameworks */ = {
			isa = PBXCopyFilesBuildPhase;
			buildActionMask = 2147483647;
			dstPath = "";
			dstSubfolderSpec = 10;
			files = (
			);
			name = "Embed Frameworks";
			runOnlyForDeploymentPostprocessing = 0;
		};
/* End PBXCopyFilesBuildPhase section */

/* Begin PBXFileReference section */
		A728E27B1CF7A7AF00CBCC8B /* C4.framework */ = {isa = PBXFileReference; lastKnownFileType = wrapper.framework; name = C4.framework; path = Carthage/Build/iOS/C4.framework; sourceTree = "<group>"; };
		A7E39E011CE3E03A00F351CA /* Karate.app */ = {isa = PBXFileReference; explicitFileType = wrapper.application; includeInIndex = 0; path = Karate.app; sourceTree = BUILT_PRODUCTS_DIR; };
		A7E39E041CE3E03A00F351CA /* AppDelegate.swift */ = {isa = PBXFileReference; lastKnownFileType = sourcecode.swift; path = AppDelegate.swift; sourceTree = "<group>"; };
		A7E39E061CE3E03A00F351CA /* ViewController.swift */ = {isa = PBXFileReference; lastKnownFileType = sourcecode.swift; path = ViewController.swift; sourceTree = "<group>"; };
		A7E39E091CE3E03A00F351CA /* Base */ = {isa = PBXFileReference; lastKnownFileType = file.storyboard; name = Base; path = Base.lproj/Main.storyboard; sourceTree = "<group>"; };
		A7E39E0B1CE3E03A00F351CA /* Assets.xcassets */ = {isa = PBXFileReference; lastKnownFileType = folder.assetcatalog; path = Assets.xcassets; sourceTree = "<group>"; };
		A7E39E0E1CE3E03A00F351CA /* Base */ = {isa = PBXFileReference; lastKnownFileType = file.storyboard; name = Base; path = Base.lproj/LaunchScreen.storyboard; sourceTree = "<group>"; };
		A7E39E101CE3E03A00F351CA /* Info.plist */ = {isa = PBXFileReference; lastKnownFileType = text.plist.xml; path = Info.plist; sourceTree = "<group>"; };
		A7E39E151CE3E03A00F351CA /* KarateTests.xctest */ = {isa = PBXFileReference; explicitFileType = wrapper.cfbundle; includeInIndex = 0; path = KarateTests.xctest; sourceTree = BUILT_PRODUCTS_DIR; };
		A7E39E191CE3E03A00F351CA /* KarateTests.swift */ = {isa = PBXFileReference; lastKnownFileType = sourcecode.swift; path = KarateTests.swift; sourceTree = "<group>"; };
		A7E39E1B1CE3E03A00F351CA /* Info.plist */ = {isa = PBXFileReference; lastKnownFileType = text.plist.xml; path = Info.plist; sourceTree = "<group>"; };
		A7E39E201CE3E03A00F351CA /* KarateUITests.xctest */ = {isa = PBXFileReference; explicitFileType = wrapper.cfbundle; includeInIndex = 0; path = KarateUITests.xctest; sourceTree = BUILT_PRODUCTS_DIR; };
		A7E39E241CE3E03A00F351CA /* KarateUITests.swift */ = {isa = PBXFileReference; lastKnownFileType = sourcecode.swift; path = KarateUITests.swift; sourceTree = "<group>"; };
		A7E39E261CE3E03A00F351CA /* Info.plist */ = {isa = PBXFileReference; lastKnownFileType = text.plist.xml; path = Info.plist; sourceTree = "<group>"; };
		A7E39E321CE3E11E00F351CA /* MenuTransitionManager.swift */ = {isa = PBXFileReference; fileEncoding = 4; lastKnownFileType = sourcecode.swift; path = MenuTransitionManager.swift; sourceTree = "<group>"; };
		A7E39E611CE3EB7000F351CA /* MenuTableViewController.swift */ = {isa = PBXFileReference; fileEncoding = 4; lastKnownFileType = sourcecode.swift; path = MenuTableViewController.swift; sourceTree = "<group>"; };
		A7E39E631CE3F3F200F351CA /* KarateTableViewCell.swift */ = {isa = PBXFileReference; fileEncoding = 4; lastKnownFileType = sourcecode.swift; path = KarateTableViewCell.swift; sourceTree = "<group>"; };
		A7E39E651CE407E500F351CA /* Fighting scream.mp3 */ = {isa = PBXFileReference; lastKnownFileType = audio.mp3; path = "Fighting scream.mp3"; sourceTree = "<group>"; };
		A7E39E671CE407EC00F351CA /* Breaking_Sound_Barrier-AirMan-1979661165.mp3 */ = {isa = PBXFileReference; lastKnownFileType = audio.mp3; path = "Breaking_Sound_Barrier-AirMan-1979661165.mp3"; sourceTree = "<group>"; };
		A7E39E691CE407F200F351CA /* Lost your balls.mp3 */ = {isa = PBXFileReference; lastKnownFileType = audio.mp3; path = "Lost your balls.mp3"; sourceTree = "<group>"; };
		A7E39E6B1CE407F900F351CA /* She was the bomb.mp3 */ = {isa = PBXFileReference; lastKnownFileType = audio.mp3; path = "She was the bomb.mp3"; sourceTree = "<group>"; };
/* End PBXFileReference section */

/* Begin PBXFrameworksBuildPhase section */
		A7E39DFE1CE3E03A00F351CA /* Frameworks */ = {
			isa = PBXFrameworksBuildPhase;
			buildActionMask = 2147483647;
			files = (
				A728E27C1CF7A7AF00CBCC8B /* C4.framework in Frameworks */,
			);
			runOnlyForDeploymentPostprocessing = 0;
		};
		A7E39E121CE3E03A00F351CA /* Frameworks */ = {
			isa = PBXFrameworksBuildPhase;
			buildActionMask = 2147483647;
			files = (
			);
			runOnlyForDeploymentPostprocessing = 0;
		};
		A7E39E1D1CE3E03A00F351CA /* Frameworks */ = {
			isa = PBXFrameworksBuildPhase;
			buildActionMask = 2147483647;
			files = (
			);
			runOnlyForDeploymentPostprocessing = 0;
		};
/* End PBXFrameworksBuildPhase section */

/* Begin PBXGroup section */
		A7E39DF81CE3E03A00F351CA = {
			isa = PBXGroup;
			children = (
				A728E27B1CF7A7AF00CBCC8B /* C4.framework */,
				A7E39E031CE3E03A00F351CA /* Karate */,
				A7E39E181CE3E03A00F351CA /* KarateTests */,
				A7E39E231CE3E03A00F351CA /* KarateUITests */,
				A7E39E021CE3E03A00F351CA /* Products */,
			);
			sourceTree = "<group>";
		};
		A7E39E021CE3E03A00F351CA /* Products */ = {
			isa = PBXGroup;
			children = (
				A7E39E011CE3E03A00F351CA /* Karate.app */,
				A7E39E151CE3E03A00F351CA /* KarateTests.xctest */,
				A7E39E201CE3E03A00F351CA /* KarateUITests.xctest */,
			);
			name = Products;
			sourceTree = "<group>";
		};
		A7E39E031CE3E03A00F351CA /* Karate */ = {
			isa = PBXGroup;
			children = (
				A7E39E041CE3E03A00F351CA /* AppDelegate.swift */,
				A7E39E061CE3E03A00F351CA /* ViewController.swift */,
				A7E39E321CE3E11E00F351CA /* MenuTransitionManager.swift */,
				A7E39E611CE3EB7000F351CA /* MenuTableViewController.swift */,
				A7E39E631CE3F3F200F351CA /* KarateTableViewCell.swift */,
				A7E39E081CE3E03A00F351CA /* Main.storyboard */,
				A7E39E0B1CE3E03A00F351CA /* Assets.xcassets */,
				A7E39E651CE407E500F351CA /* Fighting scream.mp3 */,
				A7E39E671CE407EC00F351CA /* Breaking_Sound_Barrier-AirMan-1979661165.mp3 */,
				A7E39E691CE407F200F351CA /* Lost your balls.mp3 */,
				A7E39E6B1CE407F900F351CA /* She was the bomb.mp3 */,
				A7E39E0D1CE3E03A00F351CA /* LaunchScreen.storyboard */,
				A7E39E101CE3E03A00F351CA /* Info.plist */,
			);
			path = Karate;
			sourceTree = "<group>";
		};
		A7E39E181CE3E03A00F351CA /* KarateTests */ = {
			isa = PBXGroup;
			children = (
				A7E39E191CE3E03A00F351CA /* KarateTests.swift */,
				A7E39E1B1CE3E03A00F351CA /* Info.plist */,
			);
			path = KarateTests;
			sourceTree = "<group>";
		};
		A7E39E231CE3E03A00F351CA /* KarateUITests */ = {
			isa = PBXGroup;
			children = (
				A7E39E241CE3E03A00F351CA /* KarateUITests.swift */,
				A7E39E261CE3E03A00F351CA /* Info.plist */,
			);
			path = KarateUITests;
			sourceTree = "<group>";
		};
/* End PBXGroup section */

/* Begin PBXNativeTarget section */
		A7E39E001CE3E03A00F351CA /* Karate */ = {
			isa = PBXNativeTarget;
			buildConfigurationList = A7E39E291CE3E03A00F351CA /* Build configuration list for PBXNativeTarget "Karate" */;
			buildPhases = (
				A7E39DFD1CE3E03A00F351CA /* Sources */,
				A7E39DFE1CE3E03A00F351CA /* Frameworks */,
				A7E39DFF1CE3E03A00F351CA /* Resources */,
				A7E39E501CE3E5DB00F351CA /* Embed Frameworks */,
				A728E27A1CF7A6C300CBCC8B /* ShellScript */,
			);
			buildRules = (
			);
			dependencies = (
			);
			name = Karate;
			productName = Karate;
			productReference = A7E39E011CE3E03A00F351CA /* Karate.app */;
			productType = "com.apple.product-type.application";
		};
		A7E39E141CE3E03A00F351CA /* KarateTests */ = {
			isa = PBXNativeTarget;
			buildConfigurationList = A7E39E2C1CE3E03A00F351CA /* Build configuration list for PBXNativeTarget "KarateTests" */;
			buildPhases = (
				A7E39E111CE3E03A00F351CA /* Sources */,
				A7E39E121CE3E03A00F351CA /* Frameworks */,
				A7E39E131CE3E03A00F351CA /* Resources */,
			);
			buildRules = (
			);
			dependencies = (
				A7E39E171CE3E03A00F351CA /* PBXTargetDependency */,
			);
			name = KarateTests;
			productName = KarateTests;
			productReference = A7E39E151CE3E03A00F351CA /* KarateTests.xctest */;
			productType = "com.apple.product-type.bundle.unit-test";
		};
		A7E39E1F1CE3E03A00F351CA /* KarateUITests */ = {
			isa = PBXNativeTarget;
			buildConfigurationList = A7E39E2F1CE3E03A00F351CA /* Build configuration list for PBXNativeTarget "KarateUITests" */;
			buildPhases = (
				A7E39E1C1CE3E03A00F351CA /* Sources */,
				A7E39E1D1CE3E03A00F351CA /* Frameworks */,
				A7E39E1E1CE3E03A00F351CA /* Resources */,
			);
			buildRules = (
			);
			dependencies = (
				A7E39E221CE3E03A00F351CA /* PBXTargetDependency */,
			);
			name = KarateUITests;
			productName = KarateUITests;
			productReference = A7E39E201CE3E03A00F351CA /* KarateUITests.xctest */;
			productType = "com.apple.product-type.bundle.ui-testing";
		};
/* End PBXNativeTarget section */

/* Begin PBXProject section */
		A7E39DF91CE3E03A00F351CA /* Project object */ = {
			isa = PBXProject;
			attributes = {
				LastSwiftUpdateCheck = 0730;
				LastUpgradeCheck = 0730;
				ORGANIZATIONNAME = "Oliver Andrews";
				TargetAttributes = {
					A7E39E001CE3E03A00F351CA = {
						CreatedOnToolsVersion = 7.3;
					};
					A7E39E141CE3E03A00F351CA = {
						CreatedOnToolsVersion = 7.3;
						TestTargetID = A7E39E001CE3E03A00F351CA;
					};
					A7E39E1F1CE3E03A00F351CA = {
						CreatedOnToolsVersion = 7.3;
						TestTargetID = A7E39E001CE3E03A00F351CA;
					};
				};
			};
			buildConfigurationList = A7E39DFC1CE3E03A00F351CA /* Build configuration list for PBXProject "Karate" */;
			compatibilityVersion = "Xcode 3.2";
			developmentRegion = English;
			hasScannedForEncodings = 0;
			knownRegions = (
				en,
				Base,
			);
			mainGroup = A7E39DF81CE3E03A00F351CA;
			productRefGroup = A7E39E021CE3E03A00F351CA /* Products */;
			projectDirPath = "";
			projectRoot = "";
			targets = (
				A7E39E001CE3E03A00F351CA /* Karate */,
				A7E39E141CE3E03A00F351CA /* KarateTests */,
				A7E39E1F1CE3E03A00F351CA /* KarateUITests */,
			);
		};
/* End PBXProject section */

/* Begin PBXResourcesBuildPhase section */
		A7E39DFF1CE3E03A00F351CA /* Resources */ = {
			isa = PBXResourcesBuildPhase;
			buildActionMask = 2147483647;
			files = (
				A7E39E6A1CE407F200F351CA /* Lost your balls.mp3 in Resources */,
				A7E39E661CE407E500F351CA /* Fighting scream.mp3 in Resources */,
				A7E39E0F1CE3E03A00F351CA /* LaunchScreen.storyboard in Resources */,
				A7E39E0C1CE3E03A00F351CA /* Assets.xcassets in Resources */,
				A7E39E6C1CE407F900F351CA /* She was the bomb.mp3 in Resources */,
				A7E39E0A1CE3E03A00F351CA /* Main.storyboard in Resources */,
				A7E39E681CE407EC00F351CA /* Breaking_Sound_Barrier-AirMan-1979661165.mp3 in Resources */,
			);
			runOnlyForDeploymentPostprocessing = 0;
		};
		A7E39E131CE3E03A00F351CA /* Resources */ = {
			isa = PBXResourcesBuildPhase;
			buildActionMask = 2147483647;
			files = (
			);
			runOnlyForDeploymentPostprocessing = 0;
		};
		A7E39E1E1CE3E03A00F351CA /* Resources */ = {
			isa = PBXResourcesBuildPhase;
			buildActionMask = 2147483647;
			files = (
			);
			runOnlyForDeploymentPostprocessing = 0;
		};
/* End PBXResourcesBuildPhase section */

/* Begin PBXShellScriptBuildPhase section */
		A728E27A1CF7A6C300CBCC8B /* ShellScript */ = {
			isa = PBXShellScriptBuildPhase;
			buildActionMask = 2147483647;
			files = (
			);
			inputPaths = (
				"$(SRCROOT)/Carthage/Build/iOS/C4.framework",
			);
			outputPaths = (
			);
			runOnlyForDeploymentPostprocessing = 0;
			shellPath = /bin/sh;
			shellScript = "/usr/local/bin/carthage copy-frameworks\n";
		};
/* End PBXShellScriptBuildPhase section */

/* Begin PBXSourcesBuildPhase section */
		A7E39DFD1CE3E03A00F351CA /* Sources */ = {
			isa = PBXSourcesBuildPhase;
			buildActionMask = 2147483647;
			files = (
				A7E39E621CE3EB7000F351CA /* MenuTableViewController.swift in Sources */,
				A7E39E071CE3E03A00F351CA /* ViewController.swift in Sources */,
				A7E39E331CE3E11E00F351CA /* MenuTransitionManager.swift in Sources */,
				A7E39E641CE3F3F200F351CA /* KarateTableViewCell.swift in Sources */,
				A7E39E051CE3E03A00F351CA /* AppDelegate.swift in Sources */,
			);
			runOnlyForDeploymentPostprocessing = 0;
		};
		A7E39E111CE3E03A00F351CA /* Sources */ = {
			isa = PBXSourcesBuildPhase;
			buildActionMask = 2147483647;
			files = (
				A7E39E1A1CE3E03A00F351CA /* KarateTests.swift in Sources */,
			);
			runOnlyForDeploymentPostprocessing = 0;
		};
		A7E39E1C1CE3E03A00F351CA /* Sources */ = {
			isa = PBXSourcesBuildPhase;
			buildActionMask = 2147483647;
			files = (
				A7E39E251CE3E03A00F351CA /* KarateUITests.swift in Sources */,
			);
			runOnlyForDeploymentPostprocessing = 0;
		};
/* End PBXSourcesBuildPhase section */

/* Begin PBXTargetDependency section */
		A7E39E171CE3E03A00F351CA /* PBXTargetDependency */ = {
			isa = PBXTargetDependency;
			target = A7E39E001CE3E03A00F351CA /* Karate */;
			targetProxy = A7E39E161CE3E03A00F351CA /* PBXContainerItemProxy */;
		};
		A7E39E221CE3E03A00F351CA /* PBXTargetDependency */ = {
			isa = PBXTargetDependency;
			target = A7E39E001CE3E03A00F351CA /* Karate */;
			targetProxy = A7E39E211CE3E03A00F351CA /* PBXContainerItemProxy */;
		};
/* End PBXTargetDependency section */

/* Begin PBXVariantGroup section */
		A7E39E081CE3E03A00F351CA /* Main.storyboard */ = {
			isa = PBXVariantGroup;
			children = (
				A7E39E091CE3E03A00F351CA /* Base */,
			);
			name = Main.storyboard;
			sourceTree = "<group>";
		};
		A7E39E0D1CE3E03A00F351CA /* LaunchScreen.storyboard */ = {
			isa = PBXVariantGroup;
			children = (
				A7E39E0E1CE3E03A00F351CA /* Base */,
			);
			name = LaunchScreen.storyboard;
			sourceTree = "<group>";
		};
/* End PBXVariantGroup section */

/* Begin XCBuildConfiguration section */
		A7E39E271CE3E03A00F351CA /* Debug */ = {
			isa = XCBuildConfiguration;
			buildSettings = {
				ALWAYS_SEARCH_USER_PATHS = NO;
				CLANG_ANALYZER_NONNULL = YES;
				CLANG_CXX_LANGUAGE_STANDARD = "gnu++0x";
				CLANG_CXX_LIBRARY = "libc++";
				CLANG_ENABLE_MODULES = YES;
				CLANG_ENABLE_OBJC_ARC = YES;
				CLANG_WARN_BOOL_CONVERSION = YES;
				CLANG_WARN_CONSTANT_CONVERSION = YES;
				CLANG_WARN_DIRECT_OBJC_ISA_USAGE = YES_ERROR;
				CLANG_WARN_EMPTY_BODY = YES;
				CLANG_WARN_ENUM_CONVERSION = YES;
				CLANG_WARN_INT_CONVERSION = YES;
				CLANG_WARN_OBJC_ROOT_CLASS = YES_ERROR;
				CLANG_WARN_UNREACHABLE_CODE = YES;
				CLANG_WARN__DUPLICATE_METHOD_MATCH = YES;
				"CODE_SIGN_IDENTITY[sdk=iphoneos*]" = "iPhone Developer";
				COPY_PHASE_STRIP = NO;
				DEBUG_INFORMATION_FORMAT = dwarf;
				ENABLE_STRICT_OBJC_MSGSEND = YES;
				ENABLE_TESTABILITY = YES;
				GCC_C_LANGUAGE_STANDARD = gnu99;
				GCC_DYNAMIC_NO_PIC = NO;
				GCC_NO_COMMON_BLOCKS = YES;
				GCC_OPTIMIZATION_LEVEL = 0;
				GCC_PREPROCESSOR_DEFINITIONS = (
					"DEBUG=1",
					"$(inherited)",
				);
				GCC_WARN_64_TO_32_BIT_CONVERSION = YES;
				GCC_WARN_ABOUT_RETURN_TYPE = YES_ERROR;
				GCC_WARN_UNDECLARED_SELECTOR = YES;
				GCC_WARN_UNINITIALIZED_AUTOS = YES_AGGRESSIVE;
				GCC_WARN_UNUSED_FUNCTION = YES;
				GCC_WARN_UNUSED_VARIABLE = YES;
				IPHONEOS_DEPLOYMENT_TARGET = 9.3;
				MTL_ENABLE_DEBUG_INFO = YES;
				ONLY_ACTIVE_ARCH = YES;
				SDKROOT = iphoneos;
				SWIFT_OPTIMIZATION_LEVEL = "-Onone";
				TARGETED_DEVICE_FAMILY = "1,2";
			};
			name = Debug;
		};
		A7E39E281CE3E03A00F351CA /* Release */ = {
			isa = XCBuildConfiguration;
			buildSettings = {
				ALWAYS_SEARCH_USER_PATHS = NO;
				CLANG_ANALYZER_NONNULL = YES;
				CLANG_CXX_LANGUAGE_STANDARD = "gnu++0x";
				CLANG_CXX_LIBRARY = "libc++";
				CLANG_ENABLE_MODULES = YES;
				CLANG_ENABLE_OBJC_ARC = YES;
				CLANG_WARN_BOOL_CONVERSION = YES;
				CLANG_WARN_CONSTANT_CONVERSION = YES;
				CLANG_WARN_DIRECT_OBJC_ISA_USAGE = YES_ERROR;
				CLANG_WARN_EMPTY_BODY = YES;
				CLANG_WARN_ENUM_CONVERSION = YES;
				CLANG_WARN_INT_CONVERSION = YES;
				CLANG_WARN_OBJC_ROOT_CLASS = YES_ERROR;
				CLANG_WARN_UNREACHABLE_CODE = YES;
				CLANG_WARN__DUPLICATE_METHOD_MATCH = YES;
				"CODE_SIGN_IDENTITY[sdk=iphoneos*]" = "iPhone Developer";
				COPY_PHASE_STRIP = NO;
				DEBUG_INFORMATION_FORMAT = "dwarf-with-dsym";
				ENABLE_NS_ASSERTIONS = NO;
				ENABLE_STRICT_OBJC_MSGSEND = YES;
				GCC_C_LANGUAGE_STANDARD = gnu99;
				GCC_NO_COMMON_BLOCKS = YES;
				GCC_WARN_64_TO_32_BIT_CONVERSION = YES;
				GCC_WARN_ABOUT_RETURN_TYPE = YES_ERROR;
				GCC_WARN_UNDECLARED_SELECTOR = YES;
				GCC_WARN_UNINITIALIZED_AUTOS = YES_AGGRESSIVE;
				GCC_WARN_UNUSED_FUNCTION = YES;
				GCC_WARN_UNUSED_VARIABLE = YES;
				IPHONEOS_DEPLOYMENT_TARGET = 9.3;
				MTL_ENABLE_DEBUG_INFO = NO;
				SDKROOT = iphoneos;
				TARGETED_DEVICE_FAMILY = "1,2";
				VALIDATE_PRODUCT = YES;
			};
			name = Release;
		};
		A7E39E2A1CE3E03A00F351CA /* Debug */ = {
			isa = XCBuildConfiguration;
			buildSettings = {
				ASSETCATALOG_COMPILER_APPICON_NAME = AppIcon;
				EMBEDDED_CONTENT_CONTAINS_SWIFT = YES;
				FRAMEWORK_SEARCH_PATHS = (
					"$(inherited)",
					"$(PROJECT_DIR)/Carthage/Build/iOS",
				);
				INFOPLIST_FILE = Karate/Info.plist;
				LD_RUNPATH_SEARCH_PATHS = "$(inherited) @executable_path/Frameworks";
				PRODUCT_BUNDLE_IDENTIFIER = com.project.oandrews.Karate;
				PRODUCT_NAME = "$(TARGET_NAME)";
			};
			name = Debug;
		};
		A7E39E2B1CE3E03A00F351CA /* Release */ = {
			isa = XCBuildConfiguration;
			buildSettings = {
				ASSETCATALOG_COMPILER_APPICON_NAME = AppIcon;
				EMBEDDED_CONTENT_CONTAINS_SWIFT = YES;
				FRAMEWORK_SEARCH_PATHS = (
					"$(inherited)",
					"$(PROJECT_DIR)/Carthage/Build/iOS",
				);
				INFOPLIST_FILE = Karate/Info.plist;
				LD_RUNPATH_SEARCH_PATHS = "$(inherited) @executable_path/Frameworks";
				PRODUCT_BUNDLE_IDENTIFIER = com.project.oandrews.Karate;
				PRODUCT_NAME = "$(TARGET_NAME)";
			};
			name = Release;
		};
		A7E39E2D1CE3E03A00F351CA /* Debug */ = {
			isa = XCBuildConfiguration;
			buildSettings = {
				BUNDLE_LOADER = "$(TEST_HOST)";
				INFOPLIST_FILE = KarateTests/Info.plist;
				LD_RUNPATH_SEARCH_PATHS = "$(inherited) @executable_path/Frameworks @loader_path/Frameworks";
				PRODUCT_BUNDLE_IDENTIFIER = com.project.oandrews.KarateTests;
				PRODUCT_NAME = "$(TARGET_NAME)";
				TEST_HOST = "$(BUILT_PRODUCTS_DIR)/Karate.app/Karate";
			};
			name = Debug;
		};
		A7E39E2E1CE3E03A00F351CA /* Release */ = {
			isa = XCBuildConfiguration;
			buildSettings = {
				BUNDLE_LOADER = "$(TEST_HOST)";
				INFOPLIST_FILE = KarateTests/Info.plist;
				LD_RUNPATH_SEARCH_PATHS = "$(inherited) @executable_path/Frameworks @loader_path/Frameworks";
				PRODUCT_BUNDLE_IDENTIFIER = com.project.oandrews.KarateTests;
				PRODUCT_NAME = "$(TARGET_NAME)";
				TEST_HOST = "$(BUILT_PRODUCTS_DIR)/Karate.app/Karate";
			};
			name = Release;
		};
		A7E39E301CE3E03A00F351CA /* Debug */ = {
			isa = XCBuildConfiguration;
			buildSettings = {
				INFOPLIST_FILE = KarateUITests/Info.plist;
				LD_RUNPATH_SEARCH_PATHS = "$(inherited) @executable_path/Frameworks @loader_path/Frameworks";
				PRODUCT_BUNDLE_IDENTIFIER = com.project.oandrews.KarateUITests;
				PRODUCT_NAME = "$(TARGET_NAME)";
				TEST_TARGET_NAME = Karate;
			};
			name = Debug;
		};
		A7E39E311CE3E03A00F351CA /* Release */ = {
			isa = XCBuildConfiguration;
			buildSettings = {
				INFOPLIST_FILE = KarateUITests/Info.plist;
				LD_RUNPATH_SEARCH_PATHS = "$(inherited) @executable_path/Frameworks @loader_path/Frameworks";
				PRODUCT_BUNDLE_IDENTIFIER = com.project.oandrews.KarateUITests;
				PRODUCT_NAME = "$(TARGET_NAME)";
				TEST_TARGET_NAME = Karate;
			};
			name = Release;
		};
/* End XCBuildConfiguration section */

/* Begin XCConfigurationList section */
		A7E39DFC1CE3E03A00F351CA /* Build configuration list for PBXProject "Karate" */ = {
			isa = XCConfigurationList;
			buildConfigurations = (
				A7E39E271CE3E03A00F351CA /* Debug */,
				A7E39E281CE3E03A00F351CA /* Release */,
			);
			defaultConfigurationIsVisible = 0;
			defaultConfigurationName = Release;
		};
		A7E39E291CE3E03A00F351CA /* Build configuration list for PBXNativeTarget "Karate" */ = {
			isa = XCConfigurationList;
			buildConfigurations = (
				A7E39E2A1CE3E03A00F351CA /* Debug */,
				A7E39E2B1CE3E03A00F351CA /* Release */,
			);
			defaultConfigurationIsVisible = 0;
			defaultConfigurationName = Release;
		};
		A7E39E2C1CE3E03A00F351CA /* Build configuration list for PBXNativeTarget "KarateTests" */ = {
			isa = XCConfigurationList;
			buildConfigurations = (
				A7E39E2D1CE3E03A00F351CA /* Debug */,
				A7E39E2E1CE3E03A00F351CA /* Release */,
			);
			defaultConfigurationIsVisible = 0;
			defaultConfigurationName = Release;
		};
		A7E39E2F1CE3E03A00F351CA /* Build configuration list for PBXNativeTarget "KarateUITests" */ = {
			isa = XCConfigurationList;
			buildConfigurations = (
				A7E39E301CE3E03A00F351CA /* Debug */,
				A7E39E311CE3E03A00F351CA /* Release */,
			);
			defaultConfigurationIsVisible = 0;
			defaultConfigurationName = Release;
		};
/* End XCConfigurationList section */
	};
	rootObject = A7E39DF91CE3E03A00F351CA /* Project object */;
}
